{
  "name": "@cboulanger/eventrecorder",
  "version": "0.1.0",
  "lockfileVersion": 1,
  "requires": true,
  "dependencies": {
    "qooxdoo": {
      "version": "6.0.0-alpha-20190131-7cbcf73",
      "resolved": "https://registry.npmjs.org/qooxdoo/-/qooxdoo-6.0.0-alpha-20190131-7cbcf73.tgz",
      "integrity": "sha512-0dFppi4MGlEhxXr1BhQOOIwoD4GN1+0usXaDwUKxnANCJm11uXnXQ6Uko4w7fAR3IXaein3ZVEr0i5uBEeuyRA=="
    }
  }
}
